// !$*UTF8*$!
{
	archiveVersion = 1;
	classes = {
	};
	objectVersion = 46;
	objects = {

/* Begin PBXBuildFile section */
		37F49F9A1DCA05C5003D2EB7 /* main.m in Sources */ = {isa = PBXBuildFile; fileRef = 37F49F991DCA05C5003D2EB7 /* main.m */; };
		37F49F9D1DCA05C5003D2EB7 /* AppDelegate.m in Sources */ = {isa = PBXBuildFile; fileRef = 37F49F9C1DCA05C5003D2EB7 /* AppDelegate.m */; };
		37F49FA01DCA05C5003D2EB7 /* ViewController.m in Sources */ = {isa = PBXBuildFile; fileRef = 37F49F9F1DCA05C5003D2EB7 /* ViewController.m */; };
		37F49FA31DCA05C5003D2EB7 /* Main.storyboard in Resources */ = {isa = PBXBuildFile; fileRef = 37F49FA11DCA05C5003D2EB7 /* Main.storyboard */; };
		37F49FA51DCA05C5003D2EB7 /* Assets.xcassets in Resources */ = {isa = PBXBuildFile; fileRef = 37F49FA41DCA05C5003D2EB7 /* Assets.xcassets */; };
		37F49FA81DCA05C5003D2EB7 /* LaunchScreen.storyboard in Resources */ = {isa = PBXBuildFile; fileRef = 37F49FA61DCA05C5003D2EB7 /* LaunchScreen.storyboard */; };
		4B9F1BBD6838D65199C48CA9 /* libPods-CocosPodsProject.a in Frameworks */ = {isa = PBXBuildFile; fileRef = E1CCB264087B953AD31DF223 /* libPods-CocosPodsProject.a */; };
/* End PBXBuildFile section */

/* Begin PBXFileReference section */
		37F49F951DCA05C5003D2EB7 /* CocosPodsProject.app */ = {isa = PBXFileReference; explicitFileType = wrapper.application; includeInIndex = 0; path = CocosPodsProject.app; sourceTree = BUILT_PRODUCTS_DIR; };
		37F49F991DCA05C5003D2EB7 /* main.m */ = {isa = PBXFileReference; lastKnownFileType = sourcecode.c.objc; path = main.m; sourceTree = "<group>"; };
		37F49F9B1DCA05C5003D2EB7 /* AppDelegate.h */ = {isa = PBXFileReference; lastKnownFileType = sourcecode.c.h; path = AppDelegate.h; sourceTree = "<group>"; };
		37F49F9C1DCA05C5003D2EB7 /* AppDelegate.m */ = {isa = PBXFileReference; lastKnownFileType = sourcecode.c.objc; path = AppDelegate.m; sourceTree = "<group>"; };
		37F49F9E1DCA05C5003D2EB7 /* ViewController.h */ = {isa = PBXFileReference; lastKnownFileType = sourcecode.c.h; path = ViewController.h; sourceTree = "<group>"; };
		37F49F9F1DCA05C5003D2EB7 /* ViewController.m */ = {isa = PBXFileReference; lastKnownFileType = sourcecode.c.objc; path = ViewController.m; sourceTree = "<group>"; };
		37F49FA21DCA05C5003D2EB7 /* Base */ = {isa = PBXFileReference; lastKnownFileType = file.storyboard; name = Base; path = Base.lproj/Main.storyboard; sourceTree = "<group>"; };
		37F49FA41DCA05C5003D2EB7 /* Assets.xcassets */ = {isa = PBXFileReference; lastKnownFileType = folder.assetcatalog; path = Assets.xcassets; sourceTree = "<group>"; };
		37F49FA71DCA05C5003D2EB7 /* Base */ = {isa = PBXFileReference; lastKnownFileType = file.storyboard; name = Base; path = Base.lproj/LaunchScreen.storyboard; sourceTree = "<group>"; };
		37F49FA91DCA05C5003D2EB7 /* Info.plist */ = {isa = PBXFileReference; lastKnownFileType = text.plist.xml; path = Info.plist; sourceTree = "<group>"; };
		4D9B1651CF01C77F200D145F /* Pods-CocosPodsProject.release.xcconfig */ = {isa = PBXFileReference; includeInIndex = 1; lastKnownFileType = text.xcconfig; name = "Pods-CocosPodsProject.release.xcconfig"; path = "Pods/Target Support Files/Pods-CocosPodsProject/Pods-CocosPodsProject.release.xcconfig"; sourceTree = "<group>"; };
		82A97DCE3D5296BD6990842E /* Pods-CocosPodsProject.debug.xcconfig */ = {isa = PBXFileReference; includeInIndex = 1; lastKnownFileType = text.xcconfig; name = "Pods-CocosPodsProject.debug.xcconfig"; path = "Pods/Target Support Files/Pods-CocosPodsProject/Pods-CocosPodsProject.debug.xcconfig"; sourceTree = "<group>"; };
		E1CCB264087B953AD31DF223 /* libPods-CocosPodsProject.a */ = {isa = PBXFileReference; explicitFileType = archive.ar; includeInIndex = 0; path = "libPods-CocosPodsProject.a"; sourceTree = BUILT_PRODUCTS_DIR; };
/* End PBXFileReference section */

/* Begin PBXFrameworksBuildPhase section */
		37F49F921DCA05C5003D2EB7 /* Frameworks */ = {
			isa = PBXFrameworksBuildPhase;
			buildActionMask = 2147483647;
			files = (
				4B9F1BBD6838D65199C48CA9 /* libPods-CocosPodsProject.a in Frameworks */,
			);
			runOnlyForDeploymentPostprocessing = 0;
		};
/* End PBXFrameworksBuildPhase section */

/* Begin PBXGroup section */
		33E4F392A96ACD39F25C53D9 /* Frameworks */ = {
			isa = PBXGroup;
			children = (
				E1CCB264087B953AD31DF223 /* libPods-CocosPodsProject.a */,
			);
			name = Frameworks;
			sourceTree = "<group>";
		};
		37F49F8C1DCA05C5003D2EB7 = {
			isa = PBXGroup;
			children = (
				37F49F971DCA05C5003D2EB7 /* CocosPodsProject */,
				37F49F961DCA05C5003D2EB7 /* Products */,
				4E86CE94A82D75E336D3D1D8 /* Pods */,
				33E4F392A96ACD39F25C53D9 /* Frameworks */,
			);
			sourceTree = "<group>";
		};
		37F49F961DCA05C5003D2EB7 /* Products */ = {
			isa = PBXGroup;
			children = (
				37F49F951DCA05C5003D2EB7 /* CocosPodsProject.app */,
			);
			name = Products;
			sourceTree = "<group>";
		};
		37F49F971DCA05C5003D2EB7 /* CocosPodsProject */ = {
			isa = PBXGroup;
			children = (
				37F49F9B1DCA05C5003D2EB7 /* AppDelegate.h */,
				37F49F9C1DCA05C5003D2EB7 /* AppDelegate.m */,
				37F49F9E1DCA05C5003D2EB7 /* ViewController.h */,
				37F49F9F1DCA05C5003D2EB7 /* ViewController.m */,
				37F49FA11DCA05C5003D2EB7 /* Main.storyboard */,
				37F49FA41DCA05C5003D2EB7 /* Assets.xcassets */,
				37F49FA61DCA05C5003D2EB7 /* LaunchScreen.storyboard */,
				37F49FA91DCA05C5003D2EB7 /* Info.plist */,
				37F49F981DCA05C5003D2EB7 /* Supporting Files */,
			);
			path = CocosPodsProject;
			sourceTree = "<group>";
		};
		37F49F981DCA05C5003D2EB7 /* Supporting Files */ = {
			isa = PBXGroup;
			children = (
				37F49F991DCA05C5003D2EB7 /* main.m */,
			);
			name = "Supporting Files";
			sourceTree = "<group>";
		};
		4E86CE94A82D75E336D3D1D8 /* Pods */ = {
			isa = PBXGroup;
			children = (
				82A97DCE3D5296BD6990842E /* Pods-CocosPodsProject.debug.xcconfig */,
				4D9B1651CF01C77F200D145F /* Pods-CocosPodsProject.release.xcconfig */,
			);
			name = Pods;
			sourceTree = "<group>";
		};
/* End PBXGroup section */

/* Begin PBXNativeTarget section */
		37F49F941DCA05C5003D2EB7 /* CocosPodsProject */ = {
			isa = PBXNativeTarget;
			buildConfigurationList = 37F49FAC1DCA05C5003D2EB7 /* Build configuration list for PBXNativeTarget "CocosPodsProject" */;
			buildPhases = (
				D8AA108B6B37A61E8B819B22 /* [CP] Check Pods Manifest.lock */,
				37F49F911DCA05C5003D2EB7 /* Sources */,
				37F49F921DCA05C5003D2EB7 /* Frameworks */,
				37F49F931DCA05C5003D2EB7 /* Resources */,
				3D228676D79336325074E0BE /* [CP] Embed Pods Frameworks */,
				6D31E42CFD1DEF9CE464FCF2 /* [CP] Copy Pods Resources */,
			);
			buildRules = (
			);
			dependencies = (
			);
			name = CocosPodsProject;
			productName = CocosPodsProject;
			productReference = 37F49F951DCA05C5003D2EB7 /* CocosPodsProject.app */;
			productType = "com.apple.product-type.application";
		};
/* End PBXNativeTarget section */

/* Begin PBXProject section */
		37F49F8D1DCA05C5003D2EB7 /* Project object */ = {
			isa = PBXProject;
			attributes = {
				LastUpgradeCheck = 0810;
				ORGANIZATIONNAME = htmitech;
				TargetAttributes = {
					37F49F941DCA05C5003D2EB7 = {
						CreatedOnToolsVersion = 8.1;
						DevelopmentTeam = 483VQ524HA;
						ProvisioningStyle = Automatic;
					};
				};
			};
			buildConfigurationList = 37F49F901DCA05C5003D2EB7 /* Build configuration list for PBXProject "CocosPodsProject" */;
			compatibilityVersion = "Xcode 3.2";
			developmentRegion = English;
			hasScannedForEncodings = 0;
			knownRegions = (
				en,
				Base,
			);
			mainGroup = 37F49F8C1DCA05C5003D2EB7;
			productRefGroup = 37F49F961DCA05C5003D2EB7 /* Products */;
			projectDirPath = "";
			projectRoot = "";
			targets = (
				37F49F941DCA05C5003D2EB7 /* CocosPodsProject */,
			);
		};
/* End PBXProject section */

/* Begin PBXResourcesBuildPhase section */
		37F49F931DCA05C5003D2EB7 /* Resources */ = {
			isa = PBXResourcesBuildPhase;
			buildActionMask = 2147483647;
			files = (
				37F49FA81DCA05C5003D2EB7 /* LaunchScreen.storyboard in Resources */,
				37F49FA51DCA05C5003D2EB7 /* Assets.xcassets in Resources */,
				37F49FA31DCA05C5003D2EB7 /* Main.storyboard in Resources */,
			);
			runOnlyForDeploymentPostprocessing = 0;
		};
/* End PBXResourcesBuildPhase section */

/* Begin PBXShellScriptBuildPhase section */
		3D228676D79336325074E0BE /* [CP] Embed Pods Frameworks */ = {
			isa = PBXShellScriptBuildPhase;
			buildActionMask = 2147483647;
			files = (
			);
			inputPaths = (
			);
			name = "[CP] Embed Pods Frameworks";
			outputPaths = (
			);
			runOnlyForDeploymentPostprocessing = 0;
			shellPath = /bin/sh;
			shellScript = "\"${SRCROOT}/Pods/Target Support Files/Pods-CocosPodsProject/Pods-CocosPodsProject-frameworks.sh\"\n";
			showEnvVarsInLog = 0;
		};
		6D31E42CFD1DEF9CE464FCF2 /* [CP] Copy Pods Resources */ = {
			isa = PBXShellScriptBuildPhase;
			buildActionMask = 2147483647;
			files = (
			);
			inputPaths = (
			);
			name = "[CP] Copy Pods Resources";
			outputPaths = (
			);
			runOnlyForDeploymentPostprocessing = 0;
			shellPath = /bin/sh;
			shellScript = "\"${SRCROOT}/Pods/Target Support Files/Pods-CocosPodsProject/Pods-CocosPodsProject-resources.sh\"\n";
			showEnvVarsInLog = 0;
		};
		D8AA108B6B37A61E8B819B22 /* [CP] Check Pods Manifest.lock */ = {
			isa = PBXShellScriptBuildPhase;
			buildActionMask = 2147483647;
			files = (
			);
			inputPaths = (
			);
			name = "[CP] Check Pods Manifest.lock";
			outputPaths = (
			);
			runOnlyForDeploymentPostprocessing = 0;
			shellPath = /bin/sh;
			shellScript = "diff \"${PODS_ROOT}/../Podfile.lock\" \"${PODS_ROOT}/Manifest.lock\" > /dev/null\nif [[ $? != 0 ]] ; then\n    cat << EOM\nerror: The sandbox is not in sync with the Podfile.lock. Run 'pod install' or update your CocoaPods installation.\nEOM\n    exit 1\nfi\n";
			showEnvVarsInLog = 0;
		};
/* End PBXShellScriptBuildPhase section */

/* Begin PBXSourcesBuildPhase section */
		37F49F911DCA05C5003D2EB7 /* Sources */ = {
			isa = PBXSourcesBuildPhase;
			buildActionMask = 2147483647;
			files = (
				37F49FA01DCA05C5003D2EB7 /* ViewController.m in Sources */,
				37F49F9D1DCA05C5003D2EB7 /* AppDelegate.m in Sources */,
				37F49F9A1DCA05C5003D2EB7 /* main.m in Sources */,
			);
			runOnlyForDeploymentPostprocessing = 0;
		};
/* End PBXSourcesBuildPhase section */

/* Begin PBXVariantGroup section */
		37F49FA11DCA05C5003D2EB7 /* Main.storyboard */ = {
			isa = PBXVariantGroup;
			children = (
				37F49FA21DCA05C5003D2EB7 /* Base */,
			);
			name = Main.storyboard;
			sourceTree = "<group>";
		};
		37F49FA61DCA05C5003D2EB7 /* LaunchScreen.storyboard */ = {
			isa = PBXVariantGroup;
			children = (
				37F49FA71DCA05C5003D2EB7 /* Base */,
			);
			name = LaunchScreen.storyboard;
			sourceTree = "<group>";
		};
/* End PBXVariantGroup section */

/* Begin XCBuildConfiguration section */
		37F49FAA1DCA05C5003D2EB7 /* Debug */ = {
			isa = XCBuildConfiguration;
			buildSettings = {
				ALWAYS_SEARCH_USER_PATHS = NO;
				CLANG_ANALYZER_NONNULL = YES;
				CLANG_CXX_LANGUAGE_STANDARD = "gnu++0x";
				CLANG_CXX_LIBRARY = "libc++";
				CLANG_ENABLE_MODULES = YES;
				CLANG_ENABLE_OBJC_ARC = YES;
				CLANG_WARN_BOOL_CONVERSION = YES;
				CLANG_WARN_CONSTANT_CONVERSION = YES;
				CLANG_WARN_DIRECT_OBJC_ISA_USAGE = YES_ERROR;
				CLANG_WARN_DOCUMENTATION_COMMENTS = YES;
				CLANG_WARN_EMPTY_BODY = YES;
				CLANG_WARN_ENUM_CONVERSION = YES;
				CLANG_WARN_INFINITE_RECURSION = YES;
				CLANG_WARN_INT_CONVERSION = YES;
				CLANG_WARN_OBJC_ROOT_CLASS = YES_ERROR;
				CLANG_WARN_SUSPICIOUS_MOVES = YES;
				CLANG_WARN_UNREACHABLE_CODE = YES;
				CLANG_WARN__DUPLICATE_METHOD_MATCH = YES;
				"CODE_SIGN_IDENTITY[sdk=iphoneos*]" = "iPhone Developer";
				COPY_PHASE_STRIP = NO;
				DEBUG_INFORMATION_FORMAT = dwarf;
				ENABLE_STRICT_OBJC_MSGSEND = YES;
				ENABLE_TESTABILITY = YES;
				GCC_C_LANGUAGE_STANDARD = gnu99;
				GCC_DYNAMIC_NO_PIC = NO;
				GCC_NO_COMMON_BLOCKS = YES;
				GCC_OPTIMIZATION_LEVEL = 0;
				GCC_PREPROCESSOR_DEFINITIONS = (
					"DEBUG=1",
					"$(inherited)",
				);
				GCC_WARN_64_TO_32_BIT_CONVERSION = YES;
				GCC_WARN_ABOUT_RETURN_TYPE = YES_ERROR;
				GCC_WARN_UNDECLARED_SELECTOR = YES;
				GCC_WARN_UNINITIALIZED_AUTOS = YES_AGGRESSIVE;
				GCC_WARN_UNUSED_FUNCTION = YES;
				GCC_WARN_UNUSED_VARIABLE = YES;
				IPHONEOS_DEPLOYMENT_TARGET = 10.1;
				MTL_ENABLE_DEBUG_INFO = YES;
				ONLY_ACTIVE_ARCH = YES;
				SDKROOT = iphoneos;
			};
			name = Debug;
		};
		37F49FAB1DCA05C5003D2EB7 /* Release */ = {
			isa = XCBuildConfiguration;
			buildSettings = {
				ALWAYS_SEARCH_USER_PATHS = NO;
				CLANG_ANALYZER_NONNULL = YES;
				CLANG_CXX_LANGUAGE_STANDARD = "gnu++0x";
				CLANG_CXX_LIBRARY = "libc++";
				CLANG_ENABLE_MODULES = YES;
				CLANG_ENABLE_OBJC_ARC = YES;
				CLANG_WARN_BOOL_CONVERSION = YES;
				CLANG_WARN_CONSTANT_CONVERSION = YES;
				CLANG_WARN_DIRECT_OBJC_ISA_USAGE = YES_ERROR;
				CLANG_WARN_DOCUMENTATION_COMMENTS = YES;
				CLANG_WARN_EMPTY_BODY = YES;
				CLANG_WARN_ENUM_CONVERSION = YES;
				CLANG_WARN_INFINITE_RECURSION = YES;
				CLANG_WARN_INT_CONVERSION = YES;
				CLANG_WARN_OBJC_ROOT_CLASS = YES_ERROR;
				CLANG_WARN_SUSPICIOUS_MOVES = YES;
				CLANG_WARN_UNREACHABLE_CODE = YES;
				CLANG_WARN__DUPLICATE_METHOD_MATCH = YES;
				"CODE_SIGN_IDENTITY[sdk=iphoneos*]" = "iPhone Developer";
				COPY_PHASE_STRIP = NO;
				DEBUG_INFORMATION_FORMAT = "dwarf-with-dsym";
				ENABLE_NS_ASSERTIONS = NO;
				ENABLE_STRICT_OBJC_MSGSEND = YES;
				GCC_C_LANGUAGE_STANDARD = gnu99;
				GCC_NO_COMMON_BLOCKS = YES;
				GCC_WARN_64_TO_32_BIT_CONVERSION = YES;
				GCC_WARN_ABOUT_RETURN_TYPE = YES_ERROR;
				GCC_WARN_UNDECLARED_SELECTOR = YES;
				GCC_WARN_UNINITIALIZED_AUTOS = YES_AGGRESSIVE;
				GCC_WARN_UNUSED_FUNCTION = YES;
				GCC_WARN_UNUSED_VARIABLE = YES;
				IPHONEOS_DEPLOYMENT_TARGET = 10.1;
				MTL_ENABLE_DEBUG_INFO = NO;
				SDKROOT = iphoneos;
				VALIDATE_PRODUCT = YES;
			};
			name = Release;
		};
		37F49FAD1DCA05C5003D2EB7 /* Debug */ = {
			isa = XCBuildConfiguration;
			baseConfigurationReference = 82A97DCE3D5296BD6990842E /* Pods-CocosPodsProject.debug.xcconfig */;
			buildSettings = {
				ASSETCATALOG_COMPILER_APPICON_NAME = AppIcon;
				DEVELOPMENT_TEAM = 483VQ524HA;
				INFOPLIST_FILE = CocosPodsProject/Info.plist;
				LD_RUNPATH_SEARCH_PATHS = "$(inherited) @executable_path/Frameworks";
				PRODUCT_BUNDLE_IDENTIFIER = com.htmitech.CocosPodsProject;
				PRODUCT_NAME = "$(TARGET_NAME)";
			};
			name = Debug;
		};
		37F49FAE1DCA05C5003D2EB7 /* Release */ = {
			isa = XCBuildConfiguration;
			baseConfigurationReference = 4D9B1651CF01C77F200D145F /* Pods-CocosPodsProject.release.xcconfig */;
			buildSettings = {
				ASSETCATALOG_COMPILER_APPICON_NAME = AppIcon;
				DEVELOPMENT_TEAM = 483VQ524HA;
				INFOPLIST_FILE = CocosPodsProject/Info.plist;
				LD_RUNPATH_SEARCH_PATHS = "$(inherited) @executable_path/Frameworks";
				PRODUCT_BUNDLE_IDENTIFIER = com.htmitech.CocosPodsProject;
				PRODUCT_NAME = "$(TARGET_NAME)";
			};
			name = Release;
		};
/* End XCBuildConfiguration section */

/* Begin XCConfigurationList section */
		37F49F901DCA05C5003D2EB7 /* Build configuration list for PBXProject "CocosPodsProject" */ = {
			isa = XCConfigurationList;
			buildConfigurations = (
				37F49FAA1DCA05C5003D2EB7 /* Debug */,
				37F49FAB1DCA05C5003D2EB7 /* Release */,
			);
			defaultConfigurationIsVisible = 0;
			defaultConfigurationName = Release;
		};
		37F49FAC1DCA05C5003D2EB7 /* Build configuration list for PBXNativeTarget "CocosPodsProject" */ = {
			isa = XCConfigurationList;
			buildConfigurations = (
				37F49FAD1DCA05C5003D2EB7 /* Debug */,
				37F49FAE1DCA05C5003D2EB7 /* Release */,
			);
			defaultConfigurationIsVisible = 0;
			defaultConfigurationName = Release;
		};
/* End XCConfigurationList section */
	};
	rootObject = 37F49F8D1DCA05C5003D2EB7 /* Project object */;
}
